
Microsoft Visual Studio Solution File, Format Version 12.00
# Visual Studio Version 17
VisualStudioVersion = 17.7.34003.232
MinimumVisualStudioVersion = 10.0.40219.1
Project("{FAE04EC0-301F-11D3-BF4B-00C04F79EFBC}") = "LaserParamsConverterBlazor", "LaserParamsConverterBlazor.csproj", "{D8DDE7F9-3554-42A5-A2B4-CB3D0FB85622}"
EndProject
Global
	GlobalSection(SolutionConfigurationPlatforms) = preSolution
		Debug|Any CPU = Debug|Any CPU
		Release|Any CPU = Release|Any CPU
	EndGlobalSection
	GlobalSection(ProjectConfigurationPlatforms) = postSolution
		{D8DDE7F9-3554-42A5-A2B4-CB3D0FB85622}.Debug|Any CPU.ActiveCfg = Debug|Any CPU
		{D8DDE7F9-3554-42A5-A2B4-CB3D0FB85622}.Debug|Any CPU.Build.0 = Debug|Any CPU
		{D8DDE7F9-3554-42A5-A2B4-CB3D0FB85622}.Release|Any CPU.ActiveCfg = Release|Any CPU
		{D8DDE7F9-3554-42A5-A2B4-CB3D0FB85622}.Release|Any CPU.Build.0 = Release|Any CPU
	EndGlobalSection
	GlobalSection(SolutionProperties) = preSolution
		HideSolutionNode = FALSE
	EndGlobalSection
	GlobalSection(ExtensibilityGlobals) = postSolution
		SolutionGuid = {4C91A40B-8603-4A45-844C-CEDFAC132CB4}
	EndGlobalSection
EndGlobal
